
Microsoft Visual Studio Solution File, Format Version 12.00
# Visual Studio Version 17
VisualStudioVersion = 17.7.34031.279
MinimumVisualStudioVersion = 10.0.40219.1
Project("{FAE04EC0-301F-11D3-BF4B-00C04F79EFBC}") = "WebApp", "WebApp\WebApp.csproj", "{498B89D6-ABFE-490F-8F92-FCF988517433}"
EndProject
Project("{2150E333-8FDC-42A3-9474-1A3956D46DE8}") = "Scripts", "Scripts", "{0EB2F352-AB41-4FE5-8442-32EF54D45C10}"
	ProjectSection(SolutionItems) = preProject
		.gitignore = .gitignore
		scripts\firebase-totp-sample.ipynb = scripts\firebase-totp-sample.ipynb
		README.md = README.md
	EndProjectSection
EndProject
Global
	GlobalSection(SolutionConfigurationPlatforms) = preSolution
		Debug|Any CPU = Debug|Any CPU
		Release|Any CPU = Release|Any CPU
	EndGlobalSection
	GlobalSection(ProjectConfigurationPlatforms) = postSolution
		{498B89D6-ABFE-490F-8F92-FCF988517433}.Debug|Any CPU.ActiveCfg = Debug|Any CPU
		{498B89D6-ABFE-490F-8F92-FCF988517433}.Debug|Any CPU.Build.0 = Debug|Any CPU
		{498B89D6-ABFE-490F-8F92-FCF988517433}.Release|Any CPU.ActiveCfg = Release|Any CPU
		{498B89D6-ABFE-490F-8F92-FCF988517433}.Release|Any CPU.Build.0 = Release|Any CPU
	EndGlobalSection
	GlobalSection(SolutionProperties) = preSolution
		HideSolutionNode = FALSE
	EndGlobalSection
	GlobalSection(ExtensibilityGlobals) = postSolution
		SolutionGuid = {CB38C6F1-B5EB-4D3A-8C78-990A71D68929}
	EndGlobalSection
EndGlobal
